
Microsoft Visual Studio Solution File, Format Version 12.00
# Visual Studio Version 17
VisualStudioVersion = 17.9.34723.18
MinimumVisualStudioVersion = 10.0.40219.1
Project("{FAE04EC0-301F-11D3-BF4B-00C04F79EFBC}") = "ListaDeContatos", "ListaDeContatos.csproj", "{2F5661BF-CE0B-41E1-95F5-6E159DD7BFFA}"
EndProject
Global
	GlobalSection(SolutionConfigurationPlatforms) = preSolution
		Debug|Any CPU = Debug|Any CPU
		Release|Any CPU = Release|Any CPU
	EndGlobalSection
	GlobalSection(ProjectConfigurationPlatforms) = postSolution
		{2F5661BF-CE0B-41E1-95F5-6E159DD7BFFA}.Debug|Any CPU.ActiveCfg = Debug|Any CPU
		{2F5661BF-CE0B-41E1-95F5-6E159DD7BFFA}.Debug|Any CPU.Build.0 = Debug|Any CPU
		{2F5661BF-CE0B-41E1-95F5-6E159DD7BFFA}.Release|Any CPU.ActiveCfg = Release|Any CPU
		{2F5661BF-CE0B-41E1-95F5-6E159DD7BFFA}.Release|Any CPU.Build.0 = Release|Any CPU
	EndGlobalSection
	GlobalSection(SolutionProperties) = preSolution
		HideSolutionNode = FALSE
	EndGlobalSection
	GlobalSection(ExtensibilityGlobals) = postSolution
		SolutionGuid = {E978CA3C-AA03-415F-8330-1C909BB645DA}
	EndGlobalSection
EndGlobal
